
Microsoft Visual Studio Solution File, Format Version 11.00
# Visual Studio 2010
Project("{FAE04EC0-301F-11D3-BF4B-00C04F79EFBC}") = "MyUnityTD", "Assembly-CSharp.csproj", "{DF833FE6-8AAA-E3D9-5D66-576C3859C671}"
EndProject
Project("{FAE04EC0-301F-11D3-BF4B-00C04F79EFBC}") = "MyUnityTD", "Assembly-CSharp-Editor.csproj", "{51DA21E4-BB40-4BBF-1175-FC7EF19A0561}"
EndProject
Global
	GlobalSection(SolutionConfigurationPlatforms) = preSolution
		Debug|Any CPU = Debug|Any CPU
		Release|Any CPU = Release|Any CPU
	EndGlobalSection
	GlobalSection(ProjectConfigurationPlatforms) = postSolution
		{DF833FE6-8AAA-E3D9-5D66-576C3859C671}.Debug|Any CPU.ActiveCfg = Debug|Any CPU
		{DF833FE6-8AAA-E3D9-5D66-576C3859C671}.Debug|Any CPU.Build.0 = Debug|Any CPU
		{DF833FE6-8AAA-E3D9-5D66-576C3859C671}.Release|Any CPU.ActiveCfg = Release|Any CPU
		{DF833FE6-8AAA-E3D9-5D66-576C3859C671}.Release|Any CPU.Build.0 = Release|Any CPU
		{51DA21E4-BB40-4BBF-1175-FC7EF19A0561}.Debug|Any CPU.ActiveCfg = Debug|Any CPU
		{51DA21E4-BB40-4BBF-1175-FC7EF19A0561}.Debug|Any CPU.Build.0 = Debug|Any CPU
		{51DA21E4-BB40-4BBF-1175-FC7EF19A0561}.Release|Any CPU.ActiveCfg = Release|Any CPU
		{51DA21E4-BB40-4BBF-1175-FC7EF19A0561}.Release|Any CPU.Build.0 = Release|Any CPU
	EndGlobalSection
	GlobalSection(SolutionProperties) = preSolution
		HideSolutionNode = FALSE
	EndGlobalSection
	GlobalSection(MonoDevelopProperties) = preSolution
		StartupItem = Assembly-CSharp.csproj
	EndGlobalSection
EndGlobal
